
Microsoft Visual Studio Solution File, Format Version 11.00
# Visual Studio 2010
Project("{FAE04EC0-301F-11D3-BF4B-00C04F79EFBC}") = "testQuadriAR", "Assembly-CSharp.csproj", "{E7D32C6D-89B6-6EB6-788D-0098746A87E2}"
EndProject
Project("{FAE04EC0-301F-11D3-BF4B-00C04F79EFBC}") = "testQuadriAR", "Assembly-CSharp-Editor.csproj", "{CFFF47A9-3C2A-6619-3383-92A1AA9FEC49}"
EndProject
Global
	GlobalSection(SolutionConfigurationPlatforms) = preSolution
		Debug|Any CPU = Debug|Any CPU
		Release|Any CPU = Release|Any CPU
	EndGlobalSection
	GlobalSection(ProjectConfigurationPlatforms) = postSolution
		{E7D32C6D-89B6-6EB6-788D-0098746A87E2}.Debug|Any CPU.ActiveCfg = Debug|Any CPU
		{E7D32C6D-89B6-6EB6-788D-0098746A87E2}.Debug|Any CPU.Build.0 = Debug|Any CPU
		{E7D32C6D-89B6-6EB6-788D-0098746A87E2}.Release|Any CPU.ActiveCfg = Release|Any CPU
		{E7D32C6D-89B6-6EB6-788D-0098746A87E2}.Release|Any CPU.Build.0 = Release|Any CPU
		{CFFF47A9-3C2A-6619-3383-92A1AA9FEC49}.Debug|Any CPU.ActiveCfg = Debug|Any CPU
		{CFFF47A9-3C2A-6619-3383-92A1AA9FEC49}.Debug|Any CPU.Build.0 = Debug|Any CPU
		{CFFF47A9-3C2A-6619-3383-92A1AA9FEC49}.Release|Any CPU.ActiveCfg = Release|Any CPU
		{CFFF47A9-3C2A-6619-3383-92A1AA9FEC49}.Release|Any CPU.Build.0 = Release|Any CPU
	EndGlobalSection
	GlobalSection(SolutionProperties) = preSolution
		HideSolutionNode = FALSE
	EndGlobalSection
	GlobalSection(MonoDevelopProperties) = preSolution
		StartupItem = Assembly-CSharp.csproj
	EndGlobalSection
EndGlobal
